
Microsoft Visual Studio Solution File, Format Version 12.00
# Visual Studio Version 17
VisualStudioVersion = 17.4.33213.308
MinimumVisualStudioVersion = 10.0.40219.1
Project("{FAE04EC0-301F-11D3-BF4B-00C04F79EFBC}") = "DawnOfCode", "DawnOfCode\DawnOfCode.csproj", "{203D25E3-21E2-4329-9F23-DED48FD8778F}"
EndProject
Project("{FAE04EC0-301F-11D3-BF4B-00C04F79EFBC}") = "Lab1", "Lab1\Lab1.csproj", "{0697D214-83B8-4956-9411-67A9451741AE}"
EndProject
Global
	GlobalSection(SolutionConfigurationPlatforms) = preSolution
		Debug|Any CPU = Debug|Any CPU
		Release|Any CPU = Release|Any CPU
	EndGlobalSection
	GlobalSection(ProjectConfigurationPlatforms) = postSolution
		{203D25E3-21E2-4329-9F23-DED48FD8778F}.Debug|Any CPU.ActiveCfg = Debug|Any CPU
		{203D25E3-21E2-4329-9F23-DED48FD8778F}.Debug|Any CPU.Build.0 = Debug|Any CPU
		{203D25E3-21E2-4329-9F23-DED48FD8778F}.Release|Any CPU.ActiveCfg = Release|Any CPU
		{203D25E3-21E2-4329-9F23-DED48FD8778F}.Release|Any CPU.Build.0 = Release|Any CPU
		{0697D214-83B8-4956-9411-67A9451741AE}.Debug|Any CPU.ActiveCfg = Debug|Any CPU
		{0697D214-83B8-4956-9411-67A9451741AE}.Debug|Any CPU.Build.0 = Debug|Any CPU
		{0697D214-83B8-4956-9411-67A9451741AE}.Release|Any CPU.ActiveCfg = Release|Any CPU
		{0697D214-83B8-4956-9411-67A9451741AE}.Release|Any CPU.Build.0 = Release|Any CPU
	EndGlobalSection
	GlobalSection(SolutionProperties) = preSolution
		HideSolutionNode = FALSE
	EndGlobalSection
	GlobalSection(ExtensibilityGlobals) = postSolution
		SolutionGuid = {5B455A3E-62D6-4228-B57D-4DFA2E38D8B5}
	EndGlobalSection
EndGlobal
