
Microsoft Visual Studio Solution File, Format Version 12.00
# Visual Studio Version 17
VisualStudioVersion = 17.4.33213.308
MinimumVisualStudioVersion = 10.0.40219.1
Project("{FAE04EC0-301F-11D3-BF4B-00C04F79EFBC}") = "DawnOfCode", "DawnOfCode\DawnOfCode.csproj", "{203D25E3-21E2-4329-9F23-DED48FD8778F}"
EndProject
Project("{FAE04EC0-301F-11D3-BF4B-00C04F79EFBC}") = "Lab1", "Lab1\Lab1.csproj", "{0697D214-83B8-4956-9411-67A9451741AE}"
EndProject
Project("{FAE04EC0-301F-11D3-BF4B-00C04F79EFBC}") = "Lab1Programs", "Lab1Programs\Lab1Programs.csproj", "{227D19C3-79D6-4DAF-B74D-D56EFC9DB380}"
EndProject
Project("{FAE04EC0-301F-11D3-BF4B-00C04F79EFBC}") = "SimpleCalculator.ConsoleApp", "SimpleCalculator.ConsoleApp\SimpleCalculator.ConsoleApp.csproj", "{8B5C2F18-9752-41B1-9263-1CC52557CA1F}"
EndProject
Project("{FAE04EC0-301F-11D3-BF4B-00C04F79EFBC}") = "SimpleCalculator.BusinessLayer", "SimpleCalculator.BusinessLayer\SimpleCalculator.BusinessLayer.csproj", "{B5BD6D5F-8583-4E41-ACE6-42E69652BBFE}"
EndProject
Project("{2150E333-8FDC-42A3-9474-1A3956D46DE8}") = "SimpleCalculatorApp", "SimpleCalculatorApp", "{7543348C-CA82-43A7-8E73-C98243FFEA0E}"
EndProject
Project("{2150E333-8FDC-42A3-9474-1A3956D46DE8}") = "PresentationLayer", "PresentationLayer", "{84AFE66C-A89D-407D-82D9-A815AD909DFA}"
EndProject
Project("{2150E333-8FDC-42A3-9474-1A3956D46DE8}") = "BusinessLayer", "BusinessLayer", "{E8BAC49E-ACE6-4D9C-A81A-FC76A27DEBEF}"
EndProject
Project("{FAE04EC0-301F-11D3-BF4B-00C04F79EFBC}") = "SimpleCalculator.WindowsForm", "SimpleCalculator.WindowsForm\SimpleCalculator.WindowsForm.csproj", "{47FB405D-6662-4B83-9673-0F4B9A9BC5AE}"
EndProject
Project("{2150E333-8FDC-42A3-9474-1A3956D46DE8}") = "StudentMarks", "StudentMarks", "{E168C311-3722-4D49-A5CB-D237E192FC03}"
EndProject
Project("{2150E333-8FDC-42A3-9474-1A3956D46DE8}") = "PresentationLayer", "PresentationLayer", "{7E37CE0D-C014-4C94-9298-6B0255320D5B}"
EndProject
Project("{2150E333-8FDC-42A3-9474-1A3956D46DE8}") = "BusinessLayer", "BusinessLayer", "{D8BC743B-83E9-4375-81BA-70FD2AD365FD}"
EndProject
Project("{FAE04EC0-301F-11D3-BF4B-00C04F79EFBC}") = "StudentMarks.ConsoleApp", "StudentMarks.ConsoleApp\StudentMarks.ConsoleApp.csproj", "{EA99C84A-0322-45FF-A76B-E2317EA10869}"
EndProject
Project("{FAE04EC0-301F-11D3-BF4B-00C04F79EFBC}") = "StudentMarks.BusinessLogic", "StudentMarks.BusinessLogic\StudentMarks.BusinessLogic.csproj", "{4C7215BF-FC84-4C41-B13D-CBE8B0652C8F}"
EndProject
Project("{FAE04EC0-301F-11D3-BF4B-00C04F79EFBC}") = "OOCode1", "OOCode1\OOCode1.csproj", "{82378252-48D5-4A16-A17E-A5F6B862896A}"
EndProject
Project("{FAE04EC0-301F-11D3-BF4B-00C04F79EFBC}") = "Lab2Programs", "Lab2Programs\Lab2Programs.csproj", "{A6BC1330-7348-40E1-B3E5-D21551B68C37}"
EndProject
Project("{FAE04EC0-301F-11D3-BF4B-00C04F79EFBC}") = "OOCode2", "OOCode2\OOCode2.csproj", "{0C45C07F-454F-4422-A73E-F8305E62CCAA}"
EndProject
Project("{FAE04EC0-301F-11D3-BF4B-00C04F79EFBC}") = "OOCode3", "OOCode3\OOCode3.csproj", "{947C2DE5-C5C9-4845-AFE8-8659B39ABFA7}"
EndProject
Project("{FAE04EC0-301F-11D3-BF4B-00C04F79EFBC}") = "OOAssesment", "OOAssesment\OOAssesment.csproj", "{1FA4DD27-5A3A-4865-8BF2-8CC0368CA3DA}"
EndProject
Project("{FAE04EC0-301F-11D3-BF4B-00C04F79EFBC}") = "CollectionStuff", "CollectionStuff\CollectionStuff.csproj", "{2590B66B-69FD-4138-827F-8E1DA1715784}"
EndProject
Project("{FAE04EC0-301F-11D3-BF4B-00C04F79EFBC}") = "CollectionsLabs", "CollectionsLabs\CollectionsLabs.csproj", "{386C4DFB-49A4-4F81-8B38-B33A61CE1EBA}"
EndProject
Project("{FAE04EC0-301F-11D3-BF4B-00C04F79EFBC}") = "ExceptionHandling", "ExceptionHandling\ExceptionHandling.csproj", "{72951CD3-A70B-46A8-983A-9DC5AB9E395D}"
EndProject
Project("{FAE04EC0-301F-11D3-BF4B-00C04F79EFBC}") = "FileHandling", "FileHandling\FileHandling.csproj", "{CEF22CA6-3109-4D4C-99CD-790BD4F13F2B}"
EndProject
Project("{2150E333-8FDC-42A3-9474-1A3956D46DE8}") = "ContactManager", "ContactManager", "{5ABAA4AC-B6A2-412D-8553-C4E0F538DF16}"
EndProject
Project("{2150E333-8FDC-42A3-9474-1A3956D46DE8}") = "DataLayer", "DataLayer", "{C464571D-AA08-4CE8-B2D6-7406BC19A707}"
EndProject
Project("{2150E333-8FDC-42A3-9474-1A3956D46DE8}") = "PresentationLayer", "PresentationLayer", "{9C09EA6B-3AFD-4E8C-B772-5BCFF082809C}"
EndProject
Project("{FAE04EC0-301F-11D3-BF4B-00C04F79EFBC}") = "ContactsManager.ConsoleApp", "ContactsManager.ConsoleApp\ContactsManager.ConsoleApp.csproj", "{A3334F6D-5D6E-4415-A1E0-CC39AE47427C}"
EndProject
Project("{FAE04EC0-301F-11D3-BF4B-00C04F79EFBC}") = "ContactsManager.DataAccess", "ContactsManager.DataAccess\ContactsManager.DataAccess.csproj", "{51983937-C2C7-49B1-8664-63E8ADEC6AD0}"
EndProject
Project("{FAE04EC0-301F-11D3-BF4B-00C04F79EFBC}") = "DelegateEventLambda", "DelegateEventLambda\DelegateEventLambda.csproj", "{4F51D7BC-23AD-44BB-BB1C-EB25ED0AE747}"
EndProject
Project("{FAE04EC0-301F-11D3-BF4B-00C04F79EFBC}") = "FileLabs", "FileLabs\FileLabs.csproj", "{F115A82B-8C12-41B8-A1C2-F1DD6F014E55}"
EndProject
Project("{2150E333-8FDC-42A3-9474-1A3956D46DE8}") = "SimpleClacUnit", "SimpleClacUnit", "{E30CD4A1-4209-4C3F-8E21-6196EE6B264A}"
EndProject
Project("{2150E333-8FDC-42A3-9474-1A3956D46DE8}") = "BusinessLayer", "BusinessLayer", "{BFAFF709-E22E-4CDB-A7AF-5A5075568B9A}"
EndProject
Project("{FAE04EC0-301F-11D3-BF4B-00C04F79EFBC}") = "SimpleCalcUnitLibrary", "SimpleCalcUnitLibrary\SimpleCalcUnitLibrary.csproj", "{8D940C9A-6B89-49F2-BE96-EB6D7EBAC3D3}"
EndProject
Project("{FAE04EC0-301F-11D3-BF4B-00C04F79EFBC}") = "SimpleCalcUnitLibrary.UnitTest", "SimpleCalcUnitLibrary.UnitTest\SimpleCalcUnitLibrary.UnitTest.csproj", "{0C26217B-BCA3-4BB4-90F0-A4B3507372AE}"
EndProject
Project("{FAE04EC0-301F-11D3-BF4B-00C04F79EFBC}") = "SimpleCalcUnitDataAccess", "SimpleCalcUnitDataAccess\SimpleCalcUnitDataAccess.csproj", "{D427945C-A475-4154-BD9A-09D2343A9742}"
EndProject
Project("{FAE04EC0-301F-11D3-BF4B-00C04F79EFBC}") = "BankAppProblem", "BankAppProblem\BankAppProblem.csproj", "{829108F3-444B-4718-9593-22B797D63AF7}"
EndProject
Project("{FAE04EC0-301F-11D3-BF4B-00C04F79EFBC}") = "ThreadStuff", "ThreadStuff\ThreadStuff.csproj", "{99586BA5-05FA-46F3-9111-50657E134262}"
EndProject
Project("{FAE04EC0-301F-11D3-BF4B-00C04F79EFBC}") = "ThreadStuffButGUI", "ThreadStuffButGUI\ThreadStuffButGUI.csproj", "{23F7B878-585D-45D4-8D40-508EDEEC8839}"
EndProject
Project("{FAE04EC0-301F-11D3-BF4B-00C04F79EFBC}") = "ImageRotator", "ImageRotator\ImageRotator.csproj", "{227FDE1D-DC5C-452C-A946-3ED415C2D87D}"
EndProject
Project("{2150E333-8FDC-42A3-9474-1A3956D46DE8}") = "AIRecommendationEngine", "AIRecommendationEngine", "{4A0AEE6B-6A13-4C08-8A9D-E0C09E03721B}"
EndProject
Project("{2150E333-8FDC-42A3-9474-1A3956D46DE8}") = "Module1-CoreEngine", "Module1-CoreEngine", "{5AC7929F-2769-46D7-84A7-CC7D7BBDC220}"
EndProject
Project("{FAE04EC0-301F-11D3-BF4B-00C04F79EFBC}") = "AIRecommendationEngine.CoreRecommender", "AIRecommendationEngine.CoreRecommender\AIRecommendationEngine.CoreRecommender.csproj", "{A8BC23A2-DD02-4B09-8438-41086E387E51}"
EndProject
Project("{FAE04EC0-301F-11D3-BF4B-00C04F79EFBC}") = "Recommender.UnitTest", "Recommender.UnitTest\Recommender.UnitTest.csproj", "{1F25EAF5-6F4D-4492-8483-D9DA7C70738B}"
EndProject
Project("{2150E333-8FDC-42A3-9474-1A3956D46DE8}") = "Module2-DataLoader", "Module2-DataLoader", "{E130E67D-93B6-4D39-AB67-532768162C25}"
EndProject
Project("{FAE04EC0-301F-11D3-BF4B-00C04F79EFBC}") = "AIRecommendationEngine.DataLoader", "AIRecommendationEngine.DataLoader\AIRecommendationEngine.DataLoader.csproj", "{564879CC-2CB3-4655-A6A3-D5CB9DE376C2}"
EndProject
Project("{FAE04EC0-301F-11D3-BF4B-00C04F79EFBC}") = "DataLoader.UnitTest", "DataLoader.UnitTest\DataLoader.UnitTest.csproj", "{140B349A-1A75-44D3-BD5F-47DE3163CC50}"
EndProject
Project("{2150E333-8FDC-42A3-9474-1A3956D46DE8}") = "CommonLayer", "CommonLayer", "{D1D3C14F-1AD9-4B10-8DA4-ECB5F16001C0}"
EndProject
Project("{FAE04EC0-301F-11D3-BF4B-00C04F79EFBC}") = "AIRecommendationEngine.Common", "AIRecommendationEngine.Common\AIRecommendationEngine.Common.csproj", "{098945CF-266C-4E11-A0B7-7C9FD8862FF4}"
EndProject
Project("{2150E333-8FDC-42A3-9474-1A3956D46DE8}") = "Module3-Aggregator", "Module3-Aggregator", "{EF236A85-7358-40E6-AFF7-4668393BBEE8}"
EndProject
Project("{FAE04EC0-301F-11D3-BF4B-00C04F79EFBC}") = "AIRecommendationEngine.Aggregator", "AIRecommendationEngine.Aggregator\AIRecommendationEngine.Aggregator.csproj", "{7B5BDA9B-5CEE-43B6-BFED-6B213658E8EE}"
EndProject
Project("{FAE04EC0-301F-11D3-BF4B-00C04F79EFBC}") = "AggregatorTest", "AggregatorTest\AggregatorTest.csproj", "{1C9F2E7D-49A8-4CCB-A286-2F096957D739}"
EndProject
Project("{2150E333-8FDC-42A3-9474-1A3956D46DE8}") = "Module4-Engine", "Module4-Engine", "{4C1EA222-9845-4FE5-AE0D-C16DA5319229}"
EndProject
Project("{FAE04EC0-301F-11D3-BF4B-00C04F79EFBC}") = "AIRecommendationEngine.Integrator", "AIRecommendationEngine.Integrator\AIRecommendationEngine.Integrator.csproj", "{FDB9EE8B-6046-481F-A5F2-B5239CC30D0D}"
EndProject
Project("{FAE04EC0-301F-11D3-BF4B-00C04F79EFBC}") = "AIRecommendationEngine.ConsoleApp", "AIRecommendationEngine.ConsoleApp\AIRecommendationEngine.ConsoleApp.csproj", "{059871C4-6695-4B79-855A-2BAD1CA684D7}"
EndProject
Project("{2150E333-8FDC-42A3-9474-1A3956D46DE8}") = "Module5-ConsoleApp", "Module5-ConsoleApp", "{85528C61-A6D0-42B2-842F-3D2C9856A6B5}"
EndProject
Project("{FAE04EC0-301F-11D3-BF4B-00C04F79EFBC}") = "DisposeStuff", "DisposeStuff\DisposeStuff.csproj", "{897ED47E-DE54-45AB-8EF0-001E71271B79}"
EndProject
Project("{FAE04EC0-301F-11D3-BF4B-00C04F79EFBC}") = "MoviesDatabaseADO", "MoviesDatabaseADO\MoviesDatabaseADO.csproj", "{E32FB30D-05C7-4DC7-B5B4-21F934B8787F}"
EndProject
Project("{2150E333-8FDC-42A3-9474-1A3956D46DE8}") = "DesignPrinciples", "DesignPrinciples", "{5FBC24CA-5DA9-45F1-B269-55A1D0CCA0E7}"
EndProject
Project("{FAE04EC0-301F-11D3-BF4B-00C04F79EFBC}") = "PointOfSale", "PointOfSale\PointOfSale.csproj", "{25BA3859-0528-45B4-81E5-861E218AFB6B}"
EndProject
Project("{FAE04EC0-301F-11D3-BF4B-00C04F79EFBC}") = "LinqStuff", "LinqStuff\LinqStuff.csproj", "{39B38158-7310-4456-B4FC-3BD7AD2A9F71}"
EndProject
Project("{FAE04EC0-301F-11D3-BF4B-00C04F79EFBC}") = "LinqLabs", "LinqLabs\LinqLabs.csproj", "{A5FF89F2-A6FD-48A1-B3A7-37A0226E136D}"
EndProject
Global
	GlobalSection(SolutionConfigurationPlatforms) = preSolution
		Debug|Any CPU = Debug|Any CPU
		Release|Any CPU = Release|Any CPU
	EndGlobalSection
	GlobalSection(ProjectConfigurationPlatforms) = postSolution
		{203D25E3-21E2-4329-9F23-DED48FD8778F}.Debug|Any CPU.ActiveCfg = Debug|Any CPU
		{203D25E3-21E2-4329-9F23-DED48FD8778F}.Debug|Any CPU.Build.0 = Debug|Any CPU
		{203D25E3-21E2-4329-9F23-DED48FD8778F}.Release|Any CPU.ActiveCfg = Release|Any CPU
		{203D25E3-21E2-4329-9F23-DED48FD8778F}.Release|Any CPU.Build.0 = Release|Any CPU
		{0697D214-83B8-4956-9411-67A9451741AE}.Debug|Any CPU.ActiveCfg = Debug|Any CPU
		{0697D214-83B8-4956-9411-67A9451741AE}.Debug|Any CPU.Build.0 = Debug|Any CPU
		{0697D214-83B8-4956-9411-67A9451741AE}.Release|Any CPU.ActiveCfg = Release|Any CPU
		{0697D214-83B8-4956-9411-67A9451741AE}.Release|Any CPU.Build.0 = Release|Any CPU
		{227D19C3-79D6-4DAF-B74D-D56EFC9DB380}.Debug|Any CPU.ActiveCfg = Debug|Any CPU
		{227D19C3-79D6-4DAF-B74D-D56EFC9DB380}.Debug|Any CPU.Build.0 = Debug|Any CPU
		{227D19C3-79D6-4DAF-B74D-D56EFC9DB380}.Release|Any CPU.ActiveCfg = Release|Any CPU
		{227D19C3-79D6-4DAF-B74D-D56EFC9DB380}.Release|Any CPU.Build.0 = Release|Any CPU
		{8B5C2F18-9752-41B1-9263-1CC52557CA1F}.Debug|Any CPU.ActiveCfg = Debug|Any CPU
		{8B5C2F18-9752-41B1-9263-1CC52557CA1F}.Debug|Any CPU.Build.0 = Debug|Any CPU
		{8B5C2F18-9752-41B1-9263-1CC52557CA1F}.Release|Any CPU.ActiveCfg = Release|Any CPU
		{8B5C2F18-9752-41B1-9263-1CC52557CA1F}.Release|Any CPU.Build.0 = Release|Any CPU
		{B5BD6D5F-8583-4E41-ACE6-42E69652BBFE}.Debug|Any CPU.ActiveCfg = Debug|Any CPU
		{B5BD6D5F-8583-4E41-ACE6-42E69652BBFE}.Debug|Any CPU.Build.0 = Debug|Any CPU
		{B5BD6D5F-8583-4E41-ACE6-42E69652BBFE}.Release|Any CPU.ActiveCfg = Release|Any CPU
		{B5BD6D5F-8583-4E41-ACE6-42E69652BBFE}.Release|Any CPU.Build.0 = Release|Any CPU
		{47FB405D-6662-4B83-9673-0F4B9A9BC5AE}.Debug|Any CPU.ActiveCfg = Debug|Any CPU
		{47FB405D-6662-4B83-9673-0F4B9A9BC5AE}.Debug|Any CPU.Build.0 = Debug|Any CPU
		{47FB405D-6662-4B83-9673-0F4B9A9BC5AE}.Release|Any CPU.ActiveCfg = Release|Any CPU
		{47FB405D-6662-4B83-9673-0F4B9A9BC5AE}.Release|Any CPU.Build.0 = Release|Any CPU
		{EA99C84A-0322-45FF-A76B-E2317EA10869}.Debug|Any CPU.ActiveCfg = Debug|Any CPU
		{EA99C84A-0322-45FF-A76B-E2317EA10869}.Debug|Any CPU.Build.0 = Debug|Any CPU
		{EA99C84A-0322-45FF-A76B-E2317EA10869}.Release|Any CPU.ActiveCfg = Release|Any CPU
		{EA99C84A-0322-45FF-A76B-E2317EA10869}.Release|Any CPU.Build.0 = Release|Any CPU
		{4C7215BF-FC84-4C41-B13D-CBE8B0652C8F}.Debug|Any CPU.ActiveCfg = Debug|Any CPU
		{4C7215BF-FC84-4C41-B13D-CBE8B0652C8F}.Debug|Any CPU.Build.0 = Debug|Any CPU
		{4C7215BF-FC84-4C41-B13D-CBE8B0652C8F}.Release|Any CPU.ActiveCfg = Release|Any CPU
		{4C7215BF-FC84-4C41-B13D-CBE8B0652C8F}.Release|Any CPU.Build.0 = Release|Any CPU
		{82378252-48D5-4A16-A17E-A5F6B862896A}.Debug|Any CPU.ActiveCfg = Debug|Any CPU
		{82378252-48D5-4A16-A17E-A5F6B862896A}.Debug|Any CPU.Build.0 = Debug|Any CPU
		{82378252-48D5-4A16-A17E-A5F6B862896A}.Release|Any CPU.ActiveCfg = Release|Any CPU
		{82378252-48D5-4A16-A17E-A5F6B862896A}.Release|Any CPU.Build.0 = Release|Any CPU
		{A6BC1330-7348-40E1-B3E5-D21551B68C37}.Debug|Any CPU.ActiveCfg = Debug|Any CPU
		{A6BC1330-7348-40E1-B3E5-D21551B68C37}.Debug|Any CPU.Build.0 = Debug|Any CPU
		{A6BC1330-7348-40E1-B3E5-D21551B68C37}.Release|Any CPU.ActiveCfg = Release|Any CPU
		{A6BC1330-7348-40E1-B3E5-D21551B68C37}.Release|Any CPU.Build.0 = Release|Any CPU
		{0C45C07F-454F-4422-A73E-F8305E62CCAA}.Debug|Any CPU.ActiveCfg = Debug|Any CPU
		{0C45C07F-454F-4422-A73E-F8305E62CCAA}.Debug|Any CPU.Build.0 = Debug|Any CPU
		{0C45C07F-454F-4422-A73E-F8305E62CCAA}.Release|Any CPU.ActiveCfg = Release|Any CPU
		{0C45C07F-454F-4422-A73E-F8305E62CCAA}.Release|Any CPU.Build.0 = Release|Any CPU
		{947C2DE5-C5C9-4845-AFE8-8659B39ABFA7}.Debug|Any CPU.ActiveCfg = Debug|Any CPU
		{947C2DE5-C5C9-4845-AFE8-8659B39ABFA7}.Debug|Any CPU.Build.0 = Debug|Any CPU
		{947C2DE5-C5C9-4845-AFE8-8659B39ABFA7}.Release|Any CPU.ActiveCfg = Release|Any CPU
		{947C2DE5-C5C9-4845-AFE8-8659B39ABFA7}.Release|Any CPU.Build.0 = Release|Any CPU
		{1FA4DD27-5A3A-4865-8BF2-8CC0368CA3DA}.Debug|Any CPU.ActiveCfg = Debug|Any CPU
		{1FA4DD27-5A3A-4865-8BF2-8CC0368CA3DA}.Debug|Any CPU.Build.0 = Debug|Any CPU
		{1FA4DD27-5A3A-4865-8BF2-8CC0368CA3DA}.Release|Any CPU.ActiveCfg = Release|Any CPU
		{1FA4DD27-5A3A-4865-8BF2-8CC0368CA3DA}.Release|Any CPU.Build.0 = Release|Any CPU
		{2590B66B-69FD-4138-827F-8E1DA1715784}.Debug|Any CPU.ActiveCfg = Debug|Any CPU
		{2590B66B-69FD-4138-827F-8E1DA1715784}.Debug|Any CPU.Build.0 = Debug|Any CPU
		{2590B66B-69FD-4138-827F-8E1DA1715784}.Release|Any CPU.ActiveCfg = Release|Any CPU
		{2590B66B-69FD-4138-827F-8E1DA1715784}.Release|Any CPU.Build.0 = Release|Any CPU
		{386C4DFB-49A4-4F81-8B38-B33A61CE1EBA}.Debug|Any CPU.ActiveCfg = Debug|Any CPU
		{386C4DFB-49A4-4F81-8B38-B33A61CE1EBA}.Debug|Any CPU.Build.0 = Debug|Any CPU
		{386C4DFB-49A4-4F81-8B38-B33A61CE1EBA}.Release|Any CPU.ActiveCfg = Release|Any CPU
		{386C4DFB-49A4-4F81-8B38-B33A61CE1EBA}.Release|Any CPU.Build.0 = Release|Any CPU
		{72951CD3-A70B-46A8-983A-9DC5AB9E395D}.Debug|Any CPU.ActiveCfg = Debug|Any CPU
		{72951CD3-A70B-46A8-983A-9DC5AB9E395D}.Debug|Any CPU.Build.0 = Debug|Any CPU
		{72951CD3-A70B-46A8-983A-9DC5AB9E395D}.Release|Any CPU.ActiveCfg = Release|Any CPU
		{72951CD3-A70B-46A8-983A-9DC5AB9E395D}.Release|Any CPU.Build.0 = Release|Any CPU
		{CEF22CA6-3109-4D4C-99CD-790BD4F13F2B}.Debug|Any CPU.ActiveCfg = Debug|Any CPU
		{CEF22CA6-3109-4D4C-99CD-790BD4F13F2B}.Debug|Any CPU.Build.0 = Debug|Any CPU
		{CEF22CA6-3109-4D4C-99CD-790BD4F13F2B}.Release|Any CPU.ActiveCfg = Release|Any CPU
		{CEF22CA6-3109-4D4C-99CD-790BD4F13F2B}.Release|Any CPU.Build.0 = Release|Any CPU
		{A3334F6D-5D6E-4415-A1E0-CC39AE47427C}.Debug|Any CPU.ActiveCfg = Debug|Any CPU
		{A3334F6D-5D6E-4415-A1E0-CC39AE47427C}.Debug|Any CPU.Build.0 = Debug|Any CPU
		{A3334F6D-5D6E-4415-A1E0-CC39AE47427C}.Release|Any CPU.ActiveCfg = Release|Any CPU
		{A3334F6D-5D6E-4415-A1E0-CC39AE47427C}.Release|Any CPU.Build.0 = Release|Any CPU
		{51983937-C2C7-49B1-8664-63E8ADEC6AD0}.Debug|Any CPU.ActiveCfg = Debug|Any CPU
		{51983937-C2C7-49B1-8664-63E8ADEC6AD0}.Debug|Any CPU.Build.0 = Debug|Any CPU
		{51983937-C2C7-49B1-8664-63E8ADEC6AD0}.Release|Any CPU.ActiveCfg = Release|Any CPU
		{51983937-C2C7-49B1-8664-63E8ADEC6AD0}.Release|Any CPU.Build.0 = Release|Any CPU
		{4F51D7BC-23AD-44BB-BB1C-EB25ED0AE747}.Debug|Any CPU.ActiveCfg = Debug|Any CPU
		{4F51D7BC-23AD-44BB-BB1C-EB25ED0AE747}.Debug|Any CPU.Build.0 = Debug|Any CPU
		{4F51D7BC-23AD-44BB-BB1C-EB25ED0AE747}.Release|Any CPU.ActiveCfg = Release|Any CPU
		{4F51D7BC-23AD-44BB-BB1C-EB25ED0AE747}.Release|Any CPU.Build.0 = Release|Any CPU
		{F115A82B-8C12-41B8-A1C2-F1DD6F014E55}.Debug|Any CPU.ActiveCfg = Debug|Any CPU
		{F115A82B-8C12-41B8-A1C2-F1DD6F014E55}.Debug|Any CPU.Build.0 = Debug|Any CPU
		{F115A82B-8C12-41B8-A1C2-F1DD6F014E55}.Release|Any CPU.ActiveCfg = Release|Any CPU
		{F115A82B-8C12-41B8-A1C2-F1DD6F014E55}.Release|Any CPU.Build.0 = Release|Any CPU
		{8D940C9A-6B89-49F2-BE96-EB6D7EBAC3D3}.Debug|Any CPU.ActiveCfg = Debug|Any CPU
		{8D940C9A-6B89-49F2-BE96-EB6D7EBAC3D3}.Debug|Any CPU.Build.0 = Debug|Any CPU
		{8D940C9A-6B89-49F2-BE96-EB6D7EBAC3D3}.Release|Any CPU.ActiveCfg = Release|Any CPU
		{8D940C9A-6B89-49F2-BE96-EB6D7EBAC3D3}.Release|Any CPU.Build.0 = Release|Any CPU
		{0C26217B-BCA3-4BB4-90F0-A4B3507372AE}.Debug|Any CPU.ActiveCfg = Debug|Any CPU
		{0C26217B-BCA3-4BB4-90F0-A4B3507372AE}.Debug|Any CPU.Build.0 = Debug|Any CPU
		{0C26217B-BCA3-4BB4-90F0-A4B3507372AE}.Release|Any CPU.ActiveCfg = Release|Any CPU
		{0C26217B-BCA3-4BB4-90F0-A4B3507372AE}.Release|Any CPU.Build.0 = Release|Any CPU
		{D427945C-A475-4154-BD9A-09D2343A9742}.Debug|Any CPU.ActiveCfg = Debug|Any CPU
		{D427945C-A475-4154-BD9A-09D2343A9742}.Debug|Any CPU.Build.0 = Debug|Any CPU
		{D427945C-A475-4154-BD9A-09D2343A9742}.Release|Any CPU.ActiveCfg = Release|Any CPU
		{D427945C-A475-4154-BD9A-09D2343A9742}.Release|Any CPU.Build.0 = Release|Any CPU
		{829108F3-444B-4718-9593-22B797D63AF7}.Debug|Any CPU.ActiveCfg = Debug|Any CPU
		{829108F3-444B-4718-9593-22B797D63AF7}.Debug|Any CPU.Build.0 = Debug|Any CPU
		{829108F3-444B-4718-9593-22B797D63AF7}.Release|Any CPU.ActiveCfg = Release|Any CPU
		{829108F3-444B-4718-9593-22B797D63AF7}.Release|Any CPU.Build.0 = Release|Any CPU
		{99586BA5-05FA-46F3-9111-50657E134262}.Debug|Any CPU.ActiveCfg = Debug|Any CPU
		{99586BA5-05FA-46F3-9111-50657E134262}.Debug|Any CPU.Build.0 = Debug|Any CPU
		{99586BA5-05FA-46F3-9111-50657E134262}.Release|Any CPU.ActiveCfg = Release|Any CPU
		{99586BA5-05FA-46F3-9111-50657E134262}.Release|Any CPU.Build.0 = Release|Any CPU
		{23F7B878-585D-45D4-8D40-508EDEEC8839}.Debug|Any CPU.ActiveCfg = Debug|Any CPU
		{23F7B878-585D-45D4-8D40-508EDEEC8839}.Debug|Any CPU.Build.0 = Debug|Any CPU
		{23F7B878-585D-45D4-8D40-508EDEEC8839}.Release|Any CPU.ActiveCfg = Release|Any CPU
		{23F7B878-585D-45D4-8D40-508EDEEC8839}.Release|Any CPU.Build.0 = Release|Any CPU
		{227FDE1D-DC5C-452C-A946-3ED415C2D87D}.Debug|Any CPU.ActiveCfg = Debug|Any CPU
		{227FDE1D-DC5C-452C-A946-3ED415C2D87D}.Debug|Any CPU.Build.0 = Debug|Any CPU
		{227FDE1D-DC5C-452C-A946-3ED415C2D87D}.Release|Any CPU.ActiveCfg = Release|Any CPU
		{227FDE1D-DC5C-452C-A946-3ED415C2D87D}.Release|Any CPU.Build.0 = Release|Any CPU
		{A8BC23A2-DD02-4B09-8438-41086E387E51}.Debug|Any CPU.ActiveCfg = Debug|Any CPU
		{A8BC23A2-DD02-4B09-8438-41086E387E51}.Debug|Any CPU.Build.0 = Debug|Any CPU
		{A8BC23A2-DD02-4B09-8438-41086E387E51}.Release|Any CPU.ActiveCfg = Release|Any CPU
		{A8BC23A2-DD02-4B09-8438-41086E387E51}.Release|Any CPU.Build.0 = Release|Any CPU
		{1F25EAF5-6F4D-4492-8483-D9DA7C70738B}.Debug|Any CPU.ActiveCfg = Debug|Any CPU
		{1F25EAF5-6F4D-4492-8483-D9DA7C70738B}.Debug|Any CPU.Build.0 = Debug|Any CPU
		{1F25EAF5-6F4D-4492-8483-D9DA7C70738B}.Release|Any CPU.ActiveCfg = Release|Any CPU
		{1F25EAF5-6F4D-4492-8483-D9DA7C70738B}.Release|Any CPU.Build.0 = Release|Any CPU
		{564879CC-2CB3-4655-A6A3-D5CB9DE376C2}.Debug|Any CPU.ActiveCfg = Debug|Any CPU
		{564879CC-2CB3-4655-A6A3-D5CB9DE376C2}.Debug|Any CPU.Build.0 = Debug|Any CPU
		{564879CC-2CB3-4655-A6A3-D5CB9DE376C2}.Release|Any CPU.ActiveCfg = Release|Any CPU
		{564879CC-2CB3-4655-A6A3-D5CB9DE376C2}.Release|Any CPU.Build.0 = Release|Any CPU
		{140B349A-1A75-44D3-BD5F-47DE3163CC50}.Debug|Any CPU.ActiveCfg = Debug|Any CPU
		{140B349A-1A75-44D3-BD5F-47DE3163CC50}.Debug|Any CPU.Build.0 = Debug|Any CPU
		{140B349A-1A75-44D3-BD5F-47DE3163CC50}.Release|Any CPU.ActiveCfg = Release|Any CPU
		{140B349A-1A75-44D3-BD5F-47DE3163CC50}.Release|Any CPU.Build.0 = Release|Any CPU
		{098945CF-266C-4E11-A0B7-7C9FD8862FF4}.Debug|Any CPU.ActiveCfg = Debug|Any CPU
		{098945CF-266C-4E11-A0B7-7C9FD8862FF4}.Debug|Any CPU.Build.0 = Debug|Any CPU
		{098945CF-266C-4E11-A0B7-7C9FD8862FF4}.Release|Any CPU.ActiveCfg = Release|Any CPU
		{098945CF-266C-4E11-A0B7-7C9FD8862FF4}.Release|Any CPU.Build.0 = Release|Any CPU
		{7B5BDA9B-5CEE-43B6-BFED-6B213658E8EE}.Debug|Any CPU.ActiveCfg = Debug|Any CPU
		{7B5BDA9B-5CEE-43B6-BFED-6B213658E8EE}.Debug|Any CPU.Build.0 = Debug|Any CPU
		{7B5BDA9B-5CEE-43B6-BFED-6B213658E8EE}.Release|Any CPU.ActiveCfg = Release|Any CPU
		{7B5BDA9B-5CEE-43B6-BFED-6B213658E8EE}.Release|Any CPU.Build.0 = Release|Any CPU
		{1C9F2E7D-49A8-4CCB-A286-2F096957D739}.Debug|Any CPU.ActiveCfg = Debug|Any CPU
		{1C9F2E7D-49A8-4CCB-A286-2F096957D739}.Debug|Any CPU.Build.0 = Debug|Any CPU
		{1C9F2E7D-49A8-4CCB-A286-2F096957D739}.Release|Any CPU.ActiveCfg = Release|Any CPU
		{1C9F2E7D-49A8-4CCB-A286-2F096957D739}.Release|Any CPU.Build.0 = Release|Any CPU
		{FDB9EE8B-6046-481F-A5F2-B5239CC30D0D}.Debug|Any CPU.ActiveCfg = Debug|Any CPU
		{FDB9EE8B-6046-481F-A5F2-B5239CC30D0D}.Debug|Any CPU.Build.0 = Debug|Any CPU
		{FDB9EE8B-6046-481F-A5F2-B5239CC30D0D}.Release|Any CPU.ActiveCfg = Release|Any CPU
		{FDB9EE8B-6046-481F-A5F2-B5239CC30D0D}.Release|Any CPU.Build.0 = Release|Any CPU
		{059871C4-6695-4B79-855A-2BAD1CA684D7}.Debug|Any CPU.ActiveCfg = Debug|Any CPU
		{059871C4-6695-4B79-855A-2BAD1CA684D7}.Debug|Any CPU.Build.0 = Debug|Any CPU
		{059871C4-6695-4B79-855A-2BAD1CA684D7}.Release|Any CPU.ActiveCfg = Release|Any CPU
		{059871C4-6695-4B79-855A-2BAD1CA684D7}.Release|Any CPU.Build.0 = Release|Any CPU
		{897ED47E-DE54-45AB-8EF0-001E71271B79}.Debug|Any CPU.ActiveCfg = Debug|Any CPU
		{897ED47E-DE54-45AB-8EF0-001E71271B79}.Debug|Any CPU.Build.0 = Debug|Any CPU
		{897ED47E-DE54-45AB-8EF0-001E71271B79}.Release|Any CPU.ActiveCfg = Release|Any CPU
		{897ED47E-DE54-45AB-8EF0-001E71271B79}.Release|Any CPU.Build.0 = Release|Any CPU
		{E32FB30D-05C7-4DC7-B5B4-21F934B8787F}.Debug|Any CPU.ActiveCfg = Debug|Any CPU
		{E32FB30D-05C7-4DC7-B5B4-21F934B8787F}.Debug|Any CPU.Build.0 = Debug|Any CPU
		{E32FB30D-05C7-4DC7-B5B4-21F934B8787F}.Release|Any CPU.ActiveCfg = Release|Any CPU
		{E32FB30D-05C7-4DC7-B5B4-21F934B8787F}.Release|Any CPU.Build.0 = Release|Any CPU
		{25BA3859-0528-45B4-81E5-861E218AFB6B}.Debug|Any CPU.ActiveCfg = Debug|Any CPU
		{25BA3859-0528-45B4-81E5-861E218AFB6B}.Debug|Any CPU.Build.0 = Debug|Any CPU
		{25BA3859-0528-45B4-81E5-861E218AFB6B}.Release|Any CPU.ActiveCfg = Release|Any CPU
		{25BA3859-0528-45B4-81E5-861E218AFB6B}.Release|Any CPU.Build.0 = Release|Any CPU
		{39B38158-7310-4456-B4FC-3BD7AD2A9F71}.Debug|Any CPU.ActiveCfg = Debug|Any CPU
		{39B38158-7310-4456-B4FC-3BD7AD2A9F71}.Debug|Any CPU.Build.0 = Debug|Any CPU
		{39B38158-7310-4456-B4FC-3BD7AD2A9F71}.Release|Any CPU.ActiveCfg = Release|Any CPU
		{39B38158-7310-4456-B4FC-3BD7AD2A9F71}.Release|Any CPU.Build.0 = Release|Any CPU
		{A5FF89F2-A6FD-48A1-B3A7-37A0226E136D}.Debug|Any CPU.ActiveCfg = Debug|Any CPU
		{A5FF89F2-A6FD-48A1-B3A7-37A0226E136D}.Debug|Any CPU.Build.0 = Debug|Any CPU
		{A5FF89F2-A6FD-48A1-B3A7-37A0226E136D}.Release|Any CPU.ActiveCfg = Release|Any CPU
		{A5FF89F2-A6FD-48A1-B3A7-37A0226E136D}.Release|Any CPU.Build.0 = Release|Any CPU
	EndGlobalSection
	GlobalSection(SolutionProperties) = preSolution
		HideSolutionNode = FALSE
	EndGlobalSection
	GlobalSection(NestedProjects) = preSolution
		{8B5C2F18-9752-41B1-9263-1CC52557CA1F} = {84AFE66C-A89D-407D-82D9-A815AD909DFA}
		{B5BD6D5F-8583-4E41-ACE6-42E69652BBFE} = {E8BAC49E-ACE6-4D9C-A81A-FC76A27DEBEF}
		{84AFE66C-A89D-407D-82D9-A815AD909DFA} = {7543348C-CA82-43A7-8E73-C98243FFEA0E}
		{E8BAC49E-ACE6-4D9C-A81A-FC76A27DEBEF} = {7543348C-CA82-43A7-8E73-C98243FFEA0E}
		{47FB405D-6662-4B83-9673-0F4B9A9BC5AE} = {84AFE66C-A89D-407D-82D9-A815AD909DFA}
		{7E37CE0D-C014-4C94-9298-6B0255320D5B} = {E168C311-3722-4D49-A5CB-D237E192FC03}
		{D8BC743B-83E9-4375-81BA-70FD2AD365FD} = {E168C311-3722-4D49-A5CB-D237E192FC03}
		{EA99C84A-0322-45FF-A76B-E2317EA10869} = {7E37CE0D-C014-4C94-9298-6B0255320D5B}
		{4C7215BF-FC84-4C41-B13D-CBE8B0652C8F} = {D8BC743B-83E9-4375-81BA-70FD2AD365FD}
		{C464571D-AA08-4CE8-B2D6-7406BC19A707} = {5ABAA4AC-B6A2-412D-8553-C4E0F538DF16}
		{9C09EA6B-3AFD-4E8C-B772-5BCFF082809C} = {5ABAA4AC-B6A2-412D-8553-C4E0F538DF16}
		{A3334F6D-5D6E-4415-A1E0-CC39AE47427C} = {9C09EA6B-3AFD-4E8C-B772-5BCFF082809C}
		{51983937-C2C7-49B1-8664-63E8ADEC6AD0} = {C464571D-AA08-4CE8-B2D6-7406BC19A707}
		{BFAFF709-E22E-4CDB-A7AF-5A5075568B9A} = {E30CD4A1-4209-4C3F-8E21-6196EE6B264A}
		{8D940C9A-6B89-49F2-BE96-EB6D7EBAC3D3} = {BFAFF709-E22E-4CDB-A7AF-5A5075568B9A}
		{0C26217B-BCA3-4BB4-90F0-A4B3507372AE} = {BFAFF709-E22E-4CDB-A7AF-5A5075568B9A}
		{D427945C-A475-4154-BD9A-09D2343A9742} = {BFAFF709-E22E-4CDB-A7AF-5A5075568B9A}
		{5AC7929F-2769-46D7-84A7-CC7D7BBDC220} = {4A0AEE6B-6A13-4C08-8A9D-E0C09E03721B}
		{A8BC23A2-DD02-4B09-8438-41086E387E51} = {5AC7929F-2769-46D7-84A7-CC7D7BBDC220}
		{1F25EAF5-6F4D-4492-8483-D9DA7C70738B} = {5AC7929F-2769-46D7-84A7-CC7D7BBDC220}
		{E130E67D-93B6-4D39-AB67-532768162C25} = {4A0AEE6B-6A13-4C08-8A9D-E0C09E03721B}
		{564879CC-2CB3-4655-A6A3-D5CB9DE376C2} = {E130E67D-93B6-4D39-AB67-532768162C25}
		{140B349A-1A75-44D3-BD5F-47DE3163CC50} = {E130E67D-93B6-4D39-AB67-532768162C25}
		{D1D3C14F-1AD9-4B10-8DA4-ECB5F16001C0} = {4A0AEE6B-6A13-4C08-8A9D-E0C09E03721B}
		{098945CF-266C-4E11-A0B7-7C9FD8862FF4} = {D1D3C14F-1AD9-4B10-8DA4-ECB5F16001C0}
		{EF236A85-7358-40E6-AFF7-4668393BBEE8} = {4A0AEE6B-6A13-4C08-8A9D-E0C09E03721B}
		{7B5BDA9B-5CEE-43B6-BFED-6B213658E8EE} = {EF236A85-7358-40E6-AFF7-4668393BBEE8}
		{1C9F2E7D-49A8-4CCB-A286-2F096957D739} = {EF236A85-7358-40E6-AFF7-4668393BBEE8}
		{4C1EA222-9845-4FE5-AE0D-C16DA5319229} = {4A0AEE6B-6A13-4C08-8A9D-E0C09E03721B}
		{FDB9EE8B-6046-481F-A5F2-B5239CC30D0D} = {4C1EA222-9845-4FE5-AE0D-C16DA5319229}
		{059871C4-6695-4B79-855A-2BAD1CA684D7} = {85528C61-A6D0-42B2-842F-3D2C9856A6B5}
		{85528C61-A6D0-42B2-842F-3D2C9856A6B5} = {4A0AEE6B-6A13-4C08-8A9D-E0C09E03721B}
		{25BA3859-0528-45B4-81E5-861E218AFB6B} = {5FBC24CA-5DA9-45F1-B269-55A1D0CCA0E7}
	EndGlobalSection
	GlobalSection(ExtensibilityGlobals) = postSolution
		SolutionGuid = {5B455A3E-62D6-4228-B57D-4DFA2E38D8B5}
	EndGlobalSection
EndGlobal
